// !$*UTF8*$!
{
    archiveVersion = 1;
    classes = {};
    objectVersion = 56;
    objects = {
        A00000000000000000000001 /* AppSettings.swift */ = {isa = PBXFileReference; lastKnownFileType = sourcecode.swift; path = AppSettings.swift; sourceTree = "<group>"; };
        A00000000000000000000002 /* ConversionModels.swift */ = {isa = PBXFileReference; lastKnownFileType = sourcecode.swift; path = ConversionModels.swift; sourceTree = "<group>"; };
        A00000000000000000000003 /* FileNameGenerator.swift */ = {isa = PBXFileReference; lastKnownFileType = sourcecode.swift; path = FileNameGenerator.swift; sourceTree = "<group>"; };
        A00000000000000000000004 /* ImageConversionService.swift */ = {isa = PBXFileReference; lastKnownFileType = sourcecode.swift; path = ImageConversionService.swift; sourceTree = "<group>"; };
        A00000000000000000000005 /* ImageDimensions.swift */ = {isa = PBXFileReference; lastKnownFileType = sourcecode.swift; path = ImageDimensions.swift; sourceTree = "<group>"; };
        A00000000000000000000006 /* ImageRotationAnalyzer.swift */ = {isa = PBXFileReference; lastKnownFileType = sourcecode.swift; path = ImageRotationAnalyzer.swift; sourceTree = "<group>"; };
        A00000000000000000000007 /* ImageDropApp.swift */ = {isa = PBXFileReference; lastKnownFileType = sourcecode.swift; path = ImageDropApp.swift; sourceTree = "<group>"; };
        A00000000000000000000008 /* ContentView.swift */ = {isa = PBXFileReference; lastKnownFileType = sourcecode.swift; path = ContentView.swift; sourceTree = "<group>"; };
        A00000000000000000000009 /* SettingsView.swift */ = {isa = PBXFileReference; lastKnownFileType = sourcecode.swift; path = SettingsView.swift; sourceTree = "<group>"; };
        A00000000000000000000010 /* Info.plist */ = {isa = PBXFileReference; lastKnownFileType = text.plist.xml; path = Info.plist; sourceTree = "<group>"; };
        A00000000000000000000013 /* SettingsControls.swift */ = {isa = PBXFileReference; lastKnownFileType = sourcecode.swift; path = SettingsControls.swift; sourceTree = "<group>"; };
        A00000000000000000000014 /* Assets.xcassets */ = {isa = PBXFileReference; lastKnownFileType = folder.assetcatalog; path = Assets.xcassets; sourceTree = "<group>"; };
        A00000000000000000000011 /* ImageDropCore.a */ = {isa = PBXFileReference; explicitFileType = archive.ar; path = libImageDropCore.a; sourceTree = BUILT_PRODUCTS_DIR; };
        A00000000000000000000012 /* ImageDrop.app */ = {isa = PBXFileReference; explicitFileType = wrapper.application; path = ImageDrop.app; sourceTree = BUILT_PRODUCTS_DIR; };
        A00000000000000000000020 /* Core Sources */ = {isa = PBXSourcesBuildPhase; buildActionMask = 2147483647; files = (A00000000000000000000031, A00000000000000000000032, A00000000000000000000033, A00000000000000000000034, A00000000000000000000035, A00000000000000000000036); runOnlyForDeploymentPostprocessing = 0; };
        A00000000000000000000021 /* App Sources */ = {isa = PBXSourcesBuildPhase; buildActionMask = 2147483647; files = (A00000000000000000000037, A00000000000000000000038, A00000000000000000000039, A00000000000000000000041); runOnlyForDeploymentPostprocessing = 0; };
        A00000000000000000000022 /* Frameworks */ = {isa = PBXFrameworksBuildPhase; buildActionMask = 2147483647; files = (A00000000000000000000040); runOnlyForDeploymentPostprocessing = 0; };
        A00000000000000000000023 /* Resources */ = {isa = PBXResourcesBuildPhase; buildActionMask = 2147483647; files = (A00000000000000000000042); runOnlyForDeploymentPostprocessing = 0; };
        A00000000000000000000031 = {isa = PBXBuildFile; fileRef = A00000000000000000000001; };
        A00000000000000000000032 = {isa = PBXBuildFile; fileRef = A00000000000000000000002; };
        A00000000000000000000033 = {isa = PBXBuildFile; fileRef = A00000000000000000000003; };
        A00000000000000000000034 = {isa = PBXBuildFile; fileRef = A00000000000000000000004; };
        A00000000000000000000035 = {isa = PBXBuildFile; fileRef = A00000000000000000000005; };
        A00000000000000000000036 = {isa = PBXBuildFile; fileRef = A00000000000000000000006; };
        A00000000000000000000037 = {isa = PBXBuildFile; fileRef = A00000000000000000000007; };
        A00000000000000000000038 = {isa = PBXBuildFile; fileRef = A00000000000000000000008; };
        A00000000000000000000039 = {isa = PBXBuildFile; fileRef = A00000000000000000000009; };
        A00000000000000000000040 = {isa = PBXBuildFile; fileRef = A00000000000000000000011; };
        A00000000000000000000041 = {isa = PBXBuildFile; fileRef = A00000000000000000000013; };
        A00000000000000000000042 = {isa = PBXBuildFile; fileRef = A00000000000000000000014; };
        A00000000000000000000050 = {isa = PBXGroup; children = (A00000000000000000000051, A00000000000000000000052, A00000000000000000000053); sourceTree = "<group>"; };
        A00000000000000000000051 = {isa = PBXGroup; path = Sources/ImageDropCore; sourceTree = SOURCE_ROOT; children = (A00000000000000000000001, A00000000000000000000002, A00000000000000000000003, A00000000000000000000004, A00000000000000000000005, A00000000000000000000006); };
        A00000000000000000000052 = {isa = PBXGroup; path = Sources/ImageDropApp; sourceTree = SOURCE_ROOT; children = (A00000000000000000000007, A00000000000000000000008, A00000000000000000000009, A00000000000000000000013, A00000000000000000000014, A00000000000000000000010); };
        A00000000000000000000053 = {isa = PBXGroup; name = Products; children = (A00000000000000000000011, A00000000000000000000012); sourceTree = "<group>"; };
        A00000000000000000000060 = {isa = PBXNativeTarget; name = ImageDropCore; productName = ImageDropCore; productReference = A00000000000000000000011; productType = "com.apple.product-type.library.static"; buildConfigurationList = A00000000000000000000071; buildPhases = (A00000000000000000000020); };
        A00000000000000000000061 = {isa = PBXNativeTarget; name = ImageDrop; productName = ImageDrop; productReference = A00000000000000000000012; productType = "com.apple.product-type.application"; buildConfigurationList = A00000000000000000000072; buildPhases = (A00000000000000000000021, A00000000000000000000022, A00000000000000000000023); dependencies = (A00000000000000000000080); };
        A00000000000000000000070 = {isa = PBXProject; buildConfigurationList = A00000000000000000000073; compatibilityVersion = "Xcode 14.0"; developmentRegion = en; hasScannedForEncodings = 0; mainGroup = A00000000000000000000050; productRefGroup = A00000000000000000000053; projectDirPath = ""; projectRoot = ""; targets = (A00000000000000000000060, A00000000000000000000061); };
        A00000000000000000000071 = {isa = XCConfigurationList; defaultConfigurationIsVisible = 0; defaultConfigurationName = Debug; buildConfigurations = (A00000000000000000000091, A00000000000000000000092); };
        A00000000000000000000072 = {isa = XCConfigurationList; defaultConfigurationIsVisible = 0; defaultConfigurationName = Debug; buildConfigurations = (A00000000000000000000093, A00000000000000000000094); };
        A00000000000000000000073 = {isa = XCConfigurationList; defaultConfigurationIsVisible = 0; defaultConfigurationName = Debug; buildConfigurations = (A00000000000000000000095, A00000000000000000000096); };
        A00000000000000000000080 = {isa = PBXTargetDependency; target = A00000000000000000000060; };
        A00000000000000000000091 = {isa = XCBuildConfiguration; name = Debug; buildSettings = { PRODUCT_NAME = ImageDropCore; SWIFT_VERSION = 6.0; MACOSX_DEPLOYMENT_TARGET = 14.0; }; };
        A00000000000000000000092 = {isa = XCBuildConfiguration; name = Release; buildSettings = { PRODUCT_NAME = ImageDropCore; SWIFT_VERSION = 6.0; MACOSX_DEPLOYMENT_TARGET = 14.0; }; };
        A00000000000000000000093 = {isa = XCBuildConfiguration; name = Debug; buildSettings = { PRODUCT_NAME = ImageDrop; PRODUCT_BUNDLE_IDENTIFIER = com.imagedrop.app; ASSETCATALOG_COMPILER_APPICON_NAME = AppIcon; SWIFT_VERSION = 6.0; MACOSX_DEPLOYMENT_TARGET = 14.0; INFOPLIST_FILE = Sources/ImageDropApp/Info.plist; CODE_SIGNING_ALLOWED = NO; }; };
        A00000000000000000000094 = {isa = XCBuildConfiguration; name = Release; buildSettings = { PRODUCT_NAME = ImageDrop; PRODUCT_BUNDLE_IDENTIFIER = com.imagedrop.app; ASSETCATALOG_COMPILER_APPICON_NAME = AppIcon; SWIFT_VERSION = 6.0; MACOSX_DEPLOYMENT_TARGET = 14.0; INFOPLIST_FILE = Sources/ImageDropApp/Info.plist; CODE_SIGNING_ALLOWED = NO; }; };
        A00000000000000000000095 = {isa = XCBuildConfiguration; name = Debug; buildSettings = { }; };
        A00000000000000000000096 = {isa = XCBuildConfiguration; name = Release; buildSettings = { }; };
    };
    rootObject = A00000000000000000000070;
}
